// !$*UTF8*$!
{
	archiveVersion = 1;
	classes = {
	};
	objectVersion = 46;
	objects = {

/* Begin PBXBuildFile section */
		EBF10E261904E90100698BC1 /* Foundation.framework in Frameworks */ = {isa = PBXBuildFile; fileRef = EBF10E251904E90100698BC1 /* Foundation.framework */; };
		EBF10E281904E90100698BC1 /* CoreGraphics.framework in Frameworks */ = {isa = PBXBuildFile; fileRef = EBF10E271904E90100698BC1 /* CoreGraphics.framework */; };
		EBF10E2A1904E90100698BC1 /* UIKit.framework in Frameworks */ = {isa = PBXBuildFile; fileRef = EBF10E291904E90100698BC1 /* UIKit.framework */; };
		EBF10E301904E90100698BC1 /* InfoPlist.strings in Resources */ = {isa = PBXBuildFile; fileRef = EBF10E2E1904E90100698BC1 /* InfoPlist.strings */; };
		EBF10E321904E90100698BC1 /* main.m in Sources */ = {isa = PBXBuildFile; fileRef = EBF10E311904E90100698BC1 /* main.m */; };
		EBF10E361904E90100698BC1 /* AppDelegate.m in Sources */ = {isa = PBXBuildFile; fileRef = EBF10E351904E90100698BC1 /* AppDelegate.m */; };
		EBF10E381904E90100698BC1 /* Images.xcassets in Resources */ = {isa = PBXBuildFile; fileRef = EBF10E371904E90100698BC1 /* Images.xcassets */; };
		EBF10E3F1904E90100698BC1 /* XCTest.framework in Frameworks */ = {isa = PBXBuildFile; fileRef = EBF10E3E1904E90100698BC1 /* XCTest.framework */; };
		EBF10E401904E90100698BC1 /* Foundation.framework in Frameworks */ = {isa = PBXBuildFile; fileRef = EBF10E251904E90100698BC1 /* Foundation.framework */; };
		EBF10E411904E90100698BC1 /* UIKit.framework in Frameworks */ = {isa = PBXBuildFile; fileRef = EBF10E291904E90100698BC1 /* UIKit.framework */; };
		EBF10E491904E90100698BC1 /* InfoPlist.strings in Resources */ = {isa = PBXBuildFile; fileRef = EBF10E471904E90100698BC1 /* InfoPlist.strings */; };
		EBF10E4B1904E90100698BC1 /* AddressBookTests.m in Sources */ = {isa = PBXBuildFile; fileRef = EBF10E4A1904E90100698BC1 /* AddressBookTests.m */; };
/* End PBXBuildFile section */

/* Begin PBXContainerItemProxy section */
		EBF10E421904E90100698BC1 /* PBXContainerItemProxy */ = {
			isa = PBXContainerItemProxy;
			containerPortal = EBF10E1A1904E90100698BC1 /* Project object */;
			proxyType = 1;
			remoteGlobalIDString = EBF10E211904E90100698BC1;
			remoteInfo = AddressBook;
		};
/* End PBXContainerItemProxy section */

/* Begin PBXFileReference section */
		EBF10E221904E90100698BC1 /* AddressBook.app */ = {isa = PBXFileReference; explicitFileType = wrapper.application; includeInIndex = 0; path = AddressBook.app; sourceTree = BUILT_PRODUCTS_DIR; };
		EBF10E251904E90100698BC1 /* Foundation.framework */ = {isa = PBXFileReference; lastKnownFileType = wrapper.framework; name = Foundation.framework; path = System/Library/Frameworks/Foundation.framework; sourceTree = SDKROOT; };
		EBF10E271904E90100698BC1 /* CoreGraphics.framework */ = {isa = PBXFileReference; lastKnownFileType = wrapper.framework; name = CoreGraphics.framework; path = System/Library/Frameworks/CoreGraphics.framework; sourceTree = SDKROOT; };
		EBF10E291904E90100698BC1 /* UIKit.framework */ = {isa = PBXFileReference; lastKnownFileType = wrapper.framework; name = UIKit.framework; path = System/Library/Frameworks/UIKit.framework; sourceTree = SDKROOT; };
		EBF10E2D1904E90100698BC1 /* AddressBook-Info.plist */ = {isa = PBXFileReference; lastKnownFileType = text.plist.xml; path = "AddressBook-Info.plist"; sourceTree = "<group>"; };
		EBF10E2F1904E90100698BC1 /* en */ = {isa = PBXFileReference; lastKnownFileType = text.plist.strings; name = en; path = en.lproj/InfoPlist.strings; sourceTree = "<group>"; };
		EBF10E311904E90100698BC1 /* main.m */ = {isa = PBXFileReference; lastKnownFileType = sourcecode.c.objc; path = main.m; sourceTree = "<group>"; };
		EBF10E331904E90100698BC1 /* AddressBook-Prefix.pch */ = {isa = PBXFileReference; lastKnownFileType = sourcecode.c.h; path = "AddressBook-Prefix.pch"; sourceTree = "<group>"; };
		EBF10E341904E90100698BC1 /* AppDelegate.h */ = {isa = PBXFileReference; lastKnownFileType = sourcecode.c.h; path = AppDelegate.h; sourceTree = "<group>"; };
		EBF10E351904E90100698BC1 /* AppDelegate.m */ = {isa = PBXFileReference; lastKnownFileType = sourcecode.c.objc; path = AppDelegate.m; sourceTree = "<group>"; };
		EBF10E371904E90100698BC1 /* Images.xcassets */ = {isa = PBXFileReference; lastKnownFileType = folder.assetcatalog; path = Images.xcassets; sourceTree = "<group>"; };
		EBF10E3D1904E90100698BC1 /* AddressBookTests.xctest */ = {isa = PBXFileReference; explicitFileType = wrapper.cfbundle; includeInIndex = 0; path = AddressBookTests.xctest; sourceTree = BUILT_PRODUCTS_DIR; };
		EBF10E3E1904E90100698BC1 /* XCTest.framework */ = {isa = PBXFileReference; lastKnownFileType = wrapper.framework; name = XCTest.framework; path = Library/Frameworks/XCTest.framework; sourceTree = DEVELOPER_DIR; };
		EBF10E461904E90100698BC1 /* AddressBookTests-Info.plist */ = {isa = PBXFileReference; lastKnownFileType = text.plist.xml; path = "AddressBookTests-Info.plist"; sourceTree = "<group>"; };
		EBF10E481904E90100698BC1 /* en */ = {isa = PBXFileReference; lastKnownFileType = text.plist.strings; name = en; path = en.lproj/InfoPlist.strings; sourceTree = "<group>"; };
		EBF10E4A1904E90100698BC1 /* AddressBookTests.m */ = {isa = PBXFileReference; lastKnownFileType = sourcecode.c.objc; path = AddressBookTests.m; sourceTree = "<group>"; };
/* End PBXFileReference section */

/* Begin PBXFrameworksBuildPhase section */
		EBF10E1F1904E90100698BC1 /* Frameworks */ = {
			isa = PBXFrameworksBuildPhase;
			buildActionMask = 2147483647;
			files = (
				EBF10E281904E90100698BC1 /* CoreGraphics.framework in Frameworks */,
				EBF10E2A1904E90100698BC1 /* UIKit.framework in Frameworks */,
				EBF10E261904E90100698BC1 /* Foundation.framework in Frameworks */,
			);
			runOnlyForDeploymentPostprocessing = 0;
		};
		EBF10E3A1904E90100698BC1 /* Frameworks */ = {
			isa = PBXFrameworksBuildPhase;
			buildActionMask = 2147483647;
			files = (
				EBF10E3F1904E90100698BC1 /* XCTest.framework in Frameworks */,
				EBF10E411904E90100698BC1 /* UIKit.framework in Frameworks */,
				EBF10E401904E90100698BC1 /* Foundation.framework in Frameworks */,
			);
			runOnlyForDeploymentPostprocessing = 0;
		};
/* End PBXFrameworksBuildPhase section */

/* Begin PBXGroup section */
		EBF10E191904E90100698BC1 = {
			isa = PBXGroup;
			children = (
				EBF10E2B1904E90100698BC1 /* AddressBook */,
				EBF10E441904E90100698BC1 /* AddressBookTests */,
				EBF10E241904E90100698BC1 /* Frameworks */,
				EBF10E231904E90100698BC1 /* Products */,
			);
			sourceTree = "<group>";
		};
		EBF10E231904E90100698BC1 /* Products */ = {
			isa = PBXGroup;
			children = (
				EBF10E221904E90100698BC1 /* AddressBook.app */,
				EBF10E3D1904E90100698BC1 /* AddressBookTests.xctest */,
			);
			name = Products;
			sourceTree = "<group>";
		};
		EBF10E241904E90100698BC1 /* Frameworks */ = {
			isa = PBXGroup;
			children = (
				EBF10E251904E90100698BC1 /* Foundation.framework */,
				EBF10E271904E90100698BC1 /* CoreGraphics.framework */,
				EBF10E291904E90100698BC1 /* UIKit.framework */,
				EBF10E3E1904E90100698BC1 /* XCTest.framework */,
			);
			name = Frameworks;
			sourceTree = "<group>";
		};
		EBF10E2B1904E90100698BC1 /* AddressBook */ = {
			isa = PBXGroup;
			children = (
				EBF10E341904E90100698BC1 /* AppDelegate.h */,
				EBF10E351904E90100698BC1 /* AppDelegate.m */,
				EBF10E371904E90100698BC1 /* Images.xcassets */,
				EBF10E2C1904E90100698BC1 /* Supporting Files */,
			);
			path = AddressBook;
			sourceTree = "<group>";
		};
		EBF10E2C1904E90100698BC1 /* Supporting Files */ = {
			isa = PBXGroup;
			children = (
				EBF10E2D1904E90100698BC1 /* AddressBook-Info.plist */,
				EBF10E2E1904E90100698BC1 /* InfoPlist.strings */,
				EBF10E311904E90100698BC1 /* main.m */,
				EBF10E331904E90100698BC1 /* AddressBook-Prefix.pch */,
			);
			name = "Supporting Files";
			sourceTree = "<group>";
		};
		EBF10E441904E90100698BC1 /* AddressBookTests */ = {
			isa = PBXGroup;
			children = (
				EBF10E4A1904E90100698BC1 /* AddressBookTests.m */,
				EBF10E451904E90100698BC1 /* Supporting Files */,
			);
			path = AddressBookTests;
			sourceTree = "<group>";
		};
		EBF10E451904E90100698BC1 /* Supporting Files */ = {
			isa = PBXGroup;
			children = (
				EBF10E461904E90100698BC1 /* AddressBookTests-Info.plist */,
				EBF10E471904E90100698BC1 /* InfoPlist.strings */,
			);
			name = "Supporting Files";
			sourceTree = "<group>";
		};
/* End PBXGroup section */

/* Begin PBXNativeTarget section */
		EBF10E211904E90100698BC1 /* AddressBook */ = {
			isa = PBXNativeTarget;
			buildConfigurationList = EBF10E4E1904E90100698BC1 /* Build configuration list for PBXNativeTarget "AddressBook" */;
			buildPhases = (
				EBF10E1E1904E90100698BC1 /* Sources */,
				EBF10E1F1904E90100698BC1 /* Frameworks */,
				EBF10E201904E90100698BC1 /* Resources */,
			);
			buildRules = (
			);
			dependencies = (
			);
			name = AddressBook;
			productName = AddressBook;
			productReference = EBF10E221904E90100698BC1 /* AddressBook.app */;
			productType = "com.apple.product-type.application";
		};
		EBF10E3C1904E90100698BC1 /* AddressBookTests */ = {
			isa = PBXNativeTarget;
			buildConfigurationList = EBF10E511904E90100698BC1 /* Build configuration list for PBXNativeTarget "AddressBookTests" */;
			buildPhases = (
				EBF10E391904E90100698BC1 /* Sources */,
				EBF10E3A1904E90100698BC1 /* Frameworks */,
				EBF10E3B1904E90100698BC1 /* Resources */,
			);
			buildRules = (
			);
			dependencies = (
				EBF10E431904E90100698BC1 /* PBXTargetDependency */,
			);
			name = AddressBookTests;
			productName = AddressBookTests;
			productReference = EBF10E3D1904E90100698BC1 /* AddressBookTests.xctest */;
			productType = "com.apple.product-type.bundle.unit-test";
		};
/* End PBXNativeTarget section */

/* Begin PBXProject section */
		EBF10E1A1904E90100698BC1 /* Project object */ = {
			isa = PBXProject;
			attributes = {
				LastUpgradeCheck = 0510;
				ORGANIZATIONNAME = "Tripta Gupta";
				TargetAttributes = {
					EBF10E3C1904E90100698BC1 = {
						TestTargetID = EBF10E211904E90100698BC1;
					};
				};
			};
			buildConfigurationList = EBF10E1D1904E90100698BC1 /* Build configuration list for PBXProject "AddressBook" */;
			compatibilityVersion = "Xcode 3.2";
			developmentRegion = English;
			hasScannedForEncodings = 0;
			knownRegions = (
				en,
			);
			mainGroup = EBF10E191904E90100698BC1;
			productRefGroup = EBF10E231904E90100698BC1 /* Products */;
			projectDirPath = "";
			projectRoot = "";
			targets = (
				EBF10E211904E90100698BC1 /* AddressBook */,
				EBF10E3C1904E90100698BC1 /* AddressBookTests */,
			);
		};
/* End PBXProject section */

/* Begin PBXResourcesBuildPhase section */
		EBF10E201904E90100698BC1 /* Resources */ = {
			isa = PBXResourcesBuildPhase;
			buildActionMask = 2147483647;
			files = (
				EBF10E301904E90100698BC1 /* InfoPlist.strings in Resources */,
				EBF10E381904E90100698BC1 /* Images.xcassets in Resources */,
			);
			runOnlyForDeploymentPostprocessing = 0;
		};
		EBF10E3B1904E90100698BC1 /* Resources */ = {
			isa = PBXResourcesBuildPhase;
			buildActionMask = 2147483647;
			files = (
				EBF10E491904E90100698BC1 /* InfoPlist.strings in Resources */,
			);
			runOnlyForDeploymentPostprocessing = 0;
		};
/* End PBXResourcesBuildPhase section */

/* Begin PBXSourcesBuildPhase section */
		EBF10E1E1904E90100698BC1 /* Sources */ = {
			isa = PBXSourcesBuildPhase;
			buildActionMask = 2147483647;
			files = (
				EBF10E361904E90100698BC1 /* AppDelegate.m in Sources */,
				EBF10E321904E90100698BC1 /* main.m in Sources */,
			);
			runOnlyForDeploymentPostprocessing = 0;
		};
		EBF10E391904E90100698BC1 /* Sources */ = {
			isa = PBXSourcesBuildPhase;
			buildActionMask = 2147483647;
			files = (
				EBF10E4B1904E90100698BC1 /* AddressBookTests.m in Sources */,
			);
			runOnlyForDeploymentPostprocessing = 0;
		};
/* End PBXSourcesBuildPhase section */

/* Begin PBXTargetDependency section */
		EBF10E431904E90100698BC1 /* PBXTargetDependency */ = {
			isa = PBXTargetDependency;
			target = EBF10E211904E90100698BC1 /* AddressBook */;
			targetProxy = EBF10E421904E90100698BC1 /* PBXContainerItemProxy */;
		};
/* End PBXTargetDependency section */

/* Begin PBXVariantGroup section */
		EBF10E2E1904E90100698BC1 /* InfoPlist.strings */ = {
			isa = PBXVariantGroup;
			children = (
				EBF10E2F1904E90100698BC1 /* en */,
			);
			name = InfoPlist.strings;
			sourceTree = "<group>";
		};
		EBF10E471904E90100698BC1 /* InfoPlist.strings */ = {
			isa = PBXVariantGroup;
			children = (
				EBF10E481904E90100698BC1 /* en */,
			);
			name = InfoPlist.strings;
			sourceTree = "<group>";
		};
/* End PBXVariantGroup section */

/* Begin XCBuildConfiguration section */
		EBF10E4C1904E90100698BC1 /* Debug */ = {
			isa = XCBuildConfiguration;
			buildSettings = {
				ALWAYS_SEARCH_USER_PATHS = NO;
				CLANG_CXX_LANGUAGE_STANDARD = "gnu++0x";
				CLANG_CXX_LIBRARY = "libc++";
				CLANG_ENABLE_MODULES = YES;
				CLANG_ENABLE_OBJC_ARC = YES;
				CLANG_WARN_BOOL_CONVERSION = YES;
				CLANG_WARN_CONSTANT_CONVERSION = YES;
				CLANG_WARN_DIRECT_OBJC_ISA_USAGE = YES_ERROR;
				CLANG_WARN_EMPTY_BODY = YES;
				CLANG_WARN_ENUM_CONVERSION = YES;
				CLANG_WARN_INT_CONVERSION = YES;
				CLANG_WARN_OBJC_ROOT_CLASS = YES_ERROR;
				CLANG_WARN__DUPLICATE_METHOD_MATCH = YES;
				"CODE_SIGN_IDENTITY[sdk=iphoneos*]" = "iPhone Developer";
				COPY_PHASE_STRIP = NO;
				GCC_C_LANGUAGE_STANDARD = gnu99;
				GCC_DYNAMIC_NO_PIC = NO;
				GCC_OPTIMIZATION_LEVEL = 0;
				GCC_PREPROCESSOR_DEFINITIONS = (
					"DEBUG=1",
					"$(inherited)",
				);
				GCC_SYMBOLS_PRIVATE_EXTERN = NO;
				GCC_WARN_64_TO_32_BIT_CONVERSION = YES;
				GCC_WARN_ABOUT_RETURN_TYPE = YES_ERROR;
				GCC_WARN_UNDECLARED_SELECTOR = YES;
				GCC_WARN_UNINITIALIZED_AUTOS = YES_AGGRESSIVE;
				GCC_WARN_UNUSED_FUNCTION = YES;
				GCC_WARN_UNUSED_VARIABLE = YES;
				IPHONEOS_DEPLOYMENT_TARGET = 7.1;
				ONLY_ACTIVE_ARCH = YES;
				SDKROOT = iphoneos;
			};
			name = Debug;
		};
		EBF10E4D1904E90100698BC1 /* Release */ = {
			isa = XCBuildConfiguration;
			buildSettings = {
				ALWAYS_SEARCH_USER_PATHS = NO;
				CLANG_CXX_LANGUAGE_STANDARD = "gnu++0x";
				CLANG_CXX_LIBRARY = "libc++";
				CLANG_ENABLE_MODULES = YES;
				CLANG_ENABLE_OBJC_ARC = YES;
				CLANG_WARN_BOOL_CONVERSION = YES;
				CLANG_WARN_CONSTANT_CONVERSION = YES;
				CLANG_WARN_DIRECT_OBJC_ISA_USAGE = YES_ERROR;
				CLANG_WARN_EMPTY_BODY = YES;
				CLANG_WARN_ENUM_CONVERSION = YES;
				CLANG_WARN_INT_CONVERSION = YES;
				CLANG_WARN_OBJC_ROOT_CLASS = YES_ERROR;
				CLANG_WARN__DUPLICATE_METHOD_MATCH = YES;
				"CODE_SIGN_IDENTITY[sdk=iphoneos*]" = "iPhone Developer";
				COPY_PHASE_STRIP = YES;
				ENABLE_NS_ASSERTIONS = NO;
				GCC_C_LANGUAGE_STANDARD = gnu99;
				GCC_WARN_64_TO_32_BIT_CONVERSION = YES;
				GCC_WARN_ABOUT_RETURN_TYPE = YES_ERROR;
				GCC_WARN_UNDECLARED_SELECTOR = YES;
				GCC_WARN_UNINITIALIZED_AUTOS = YES_AGGRESSIVE;
				GCC_WARN_UNUSED_FUNCTION = YES;
				GCC_WARN_UNUSED_VARIABLE = YES;
				IPHONEOS_DEPLOYMENT_TARGET = 7.1;
				SDKROOT = iphoneos;
				VALIDATE_PRODUCT = YES;
			};
			name = Release;
		};
		EBF10E4F1904E90100698BC1 /* Debug */ = {
			isa = XCBuildConfiguration;
			buildSettings = {
				ASSETCATALOG_COMPILER_APPICON_NAME = AppIcon;
				ASSETCATALOG_COMPILER_LAUNCHIMAGE_NAME = LaunchImage;
				GCC_PRECOMPILE_PREFIX_HEADER = YES;
				GCC_PREFIX_HEADER = "AddressBook/AddressBook-Prefix.pch";
				INFOPLIST_FILE = "AddressBook/AddressBook-Info.plist";
				PRODUCT_NAME = "$(TARGET_NAME)";
				WRAPPER_EXTENSION = app;
			};
			name = Debug;
		};
		EBF10E501904E90100698BC1 /* Release */ = {
			isa = XCBuildConfiguration;
			buildSettings = {
				ASSETCATALOG_COMPILER_APPICON_NAME = AppIcon;
				ASSETCATALOG_COMPILER_LAUNCHIMAGE_NAME = LaunchImage;
				GCC_PRECOMPILE_PREFIX_HEADER = YES;
				GCC_PREFIX_HEADER = "AddressBook/AddressBook-Prefix.pch";
				INFOPLIST_FILE = "AddressBook/AddressBook-Info.plist";
				PRODUCT_NAME = "$(TARGET_NAME)";
				WRAPPER_EXTENSION = app;
			};
			name = Release;
		};
		EBF10E521904E90100698BC1 /* Debug */ = {
			isa = XCBuildConfiguration;
			buildSettings = {
				BUNDLE_LOADER = "$(BUILT_PRODUCTS_DIR)/AddressBook.app/AddressBook";
				FRAMEWORK_SEARCH_PATHS = (
					"$(SDKROOT)/Developer/Library/Frameworks",
					"$(inherited)",
					"$(DEVELOPER_FRAMEWORKS_DIR)",
				);
				GCC_PRECOMPILE_PREFIX_HEADER = YES;
				GCC_PREFIX_HEADER = "AddressBook/AddressBook-Prefix.pch";
				GCC_PREPROCESSOR_DEFINITIONS = (
					"DEBUG=1",
					"$(inherited)",
				);
				INFOPLIST_FILE = "AddressBookTests/AddressBookTests-Info.plist";
				PRODUCT_NAME = "$(TARGET_NAME)";
				TEST_HOST = "$(BUNDLE_LOADER)";
				WRAPPER_EXTENSION = xctest;
			};
			name = Debug;
		};
		EBF10E531904E90100698BC1 /* Release */ = {
			isa = XCBuildConfiguration;
			buildSettings = {
				BUNDLE_LOADER = "$(BUILT_PRODUCTS_DIR)/AddressBook.app/AddressBook";
				FRAMEWORK_SEARCH_PATHS = (
					"$(SDKROOT)/Developer/Library/Frameworks",
					"$(inherited)",
					"$(DEVELOPER_FRAMEWORKS_DIR)",
				);
				GCC_PRECOMPILE_PREFIX_HEADER = YES;
				GCC_PREFIX_HEADER = "AddressBook/AddressBook-Prefix.pch";
				INFOPLIST_FILE = "AddressBookTests/AddressBookTests-Info.plist";
				PRODUCT_NAME = "$(TARGET_NAME)";
				TEST_HOST = "$(BUNDLE_LOADER)";
				WRAPPER_EXTENSION = xctest;
			};
			name = Release;
		};
/* End XCBuildConfiguration section */

/* Begin XCConfigurationList section */
		EBF10E1D1904E90100698BC1 /* Build configuration list for PBXProject "AddressBook" */ = {
			isa = XCConfigurationList;
			buildConfigurations = (
				EBF10E4C1904E90100698BC1 /* Debug */,
				EBF10E4D1904E90100698BC1 /* Release */,
			);
			defaultConfigurationIsVisible = 0;
			defaultConfigurationName = Release;
		};
		EBF10E4E1904E90100698BC1 /* Build configuration list for PBXNativeTarget "AddressBook" */ = {
			isa = XCConfigurationList;
			buildConfigurations = (
				EBF10E4F1904E90100698BC1 /* Debug */,
				EBF10E501904E90100698BC1 /* Release */,
			);
			defaultConfigurationIsVisible = 0;
		};
		EBF10E511904E90100698BC1 /* Build configuration list for PBXNativeTarget "AddressBookTests" */ = {
			isa = XCConfigurationList;
			buildConfigurations = (
				EBF10E521904E90100698BC1 /* Debug */,
				EBF10E531904E90100698BC1 /* Release */,
			);
			defaultConfigurationIsVisible = 0;
		};
/* End XCConfigurationList section */
	};
	rootObject = EBF10E1A1904E90100698BC1 /* Project object */;
}
